
Microsoft Visual Studio Solution File, Format Version 11.00
# Visual Studio 2010
Project("{FAE04EC0-301F-11D3-BF4B-00C04F79EFBC}") = "Assembly-CSharp", "Assembly-CSharp.csproj", "{DE06C29B-101D-D9FC-5863-3D7E7007701A}"
EndProject
Project("{FAE04EC0-301F-11D3-BF4B-00C04F79EFBC}") = "Assembly-CSharp-Editor", "Assembly-CSharp-Editor.csproj", "{AF647185-B473-C4E7-4608-E503A6F94346}"
EndProject
Global
	GlobalSection(SolutionConfigurationPlatforms) = preSolution
		Debug|Any CPU = Debug|Any CPU
		Release|Any CPU = Release|Any CPU
	EndGlobalSection
	GlobalSection(ProjectConfigurationPlatforms) = postSolution
		{DE06C29B-101D-D9FC-5863-3D7E7007701A}.Debug|Any CPU.ActiveCfg = Debug|Any CPU
		{DE06C29B-101D-D9FC-5863-3D7E7007701A}.Debug|Any CPU.Build.0 = Debug|Any CPU
		{DE06C29B-101D-D9FC-5863-3D7E7007701A}.Release|Any CPU.ActiveCfg = Release|Any CPU
		{DE06C29B-101D-D9FC-5863-3D7E7007701A}.Release|Any CPU.Build.0 = Release|Any CPU
		{AF647185-B473-C4E7-4608-E503A6F94346}.Debug|Any CPU.ActiveCfg = Debug|Any CPU
		{AF647185-B473-C4E7-4608-E503A6F94346}.Debug|Any CPU.Build.0 = Debug|Any CPU
		{AF647185-B473-C4E7-4608-E503A6F94346}.Release|Any CPU.ActiveCfg = Release|Any CPU
		{AF647185-B473-C4E7-4608-E503A6F94346}.Release|Any CPU.Build.0 = Release|Any CPU
	EndGlobalSection
	GlobalSection(SolutionProperties) = preSolution
		HideSolutionNode = FALSE
	EndGlobalSection
	GlobalSection(MonoDevelopProperties) = preSolution
		StartupItem = Assembly-CSharp.csproj
	EndGlobalSection
EndGlobal
